PODS:
  - Flutter (1.0.0)
  - Meiqia (3.4.9):
    - Meiqia/MeiqiaSDK (= 3.4.9)
    - Meiqia/MQChatViewController (= 3.4.9)
  - Meiqia/MeiqiaSDK (3.4.9)
  - Meiqia/MQChatViewController (3.4.9):
    - Meiqia/MeiqiaSDK
  - meiqiachat (0.0.1):
    - Flutter
    - Meiqia (~> 3.4.9)

DEPENDENCIES:
  - Flutter (from `.symlinks/flutter/ios`)
  - meiqiachat (from `.symlinks/plugins/meiqiachat/ios`)

SPEC REPOS:
  https://github.com/cocoapods/specs.git:
    - Meiqia

EXTERNAL SOURCES:
  Flutter:
    :path: ".symlinks/flutter/ios"
  meiqiachat:
    :path: ".symlinks/plugins/meiqiachat/ios"

SPEC CHECKSUMS:
  Flutter: 58dd7d1b27887414a370fcccb9e645c08ffd7a6a
  Meiqia: 75776701963217d7bde57a56e65da7b5e1718b3f
  meiqiachat: 6b3149d8ae9b19ca54175cd984f5ecb982ee77a4

PODFILE CHECKSUM: 7fb83752f59ead6285236625b82473f90b1cb932

COCOAPODS: 1.7.5
